
Microsoft Visual Studio Solution File, Format Version 12.00
# Visual Studio 15
VisualStudioVersion = 15.0.28010.2016
MinimumVisualStudioVersion = 10.0.40219.1
Project("{FAE04EC0-301F-11D3-BF4B-00C04F79EFBC}") = "DotNetCoreConfigExample.App", "DotNetCoreConfigExample.App\DotNetCoreConfigExample.App.csproj", "{3267BC63-59C4-4F7A-B6E5-02976AB88402}"
EndProject
Project("{FAE04EC0-301F-11D3-BF4B-00C04F79EFBC}") = "DotNetCoreConfigExample.Tests", "DotNetCoreConfigExample.Tests\DotNetCoreConfigExample.Tests.csproj", "{8E87BD96-5FB9-4431-922E-1596DA832BD2}"
EndProject
Project("{FAE04EC0-301F-11D3-BF4B-00C04F79EFBC}") = "DotNetCoreConfigExample.Module", "DotNetCoreConfigExample.Module\DotNetCoreConfigExample.Module.csproj", "{8BB9653E-532E-434B-958E-4E14DA6E01F9}"
EndProject
Global
	GlobalSection(SolutionConfigurationPlatforms) = preSolution
		Debug|Any CPU = Debug|Any CPU
		Release|Any CPU = Release|Any CPU
	EndGlobalSection
	GlobalSection(ProjectConfigurationPlatforms) = postSolution
		{3267BC63-59C4-4F7A-B6E5-02976AB88402}.Debug|Any CPU.ActiveCfg = Debug|Any CPU
		{3267BC63-59C4-4F7A-B6E5-02976AB88402}.Debug|Any CPU.Build.0 = Debug|Any CPU
		{3267BC63-59C4-4F7A-B6E5-02976AB88402}.Release|Any CPU.ActiveCfg = Release|Any CPU
		{3267BC63-59C4-4F7A-B6E5-02976AB88402}.Release|Any CPU.Build.0 = Release|Any CPU
		{8E87BD96-5FB9-4431-922E-1596DA832BD2}.Debug|Any CPU.ActiveCfg = Debug|Any CPU
		{8E87BD96-5FB9-4431-922E-1596DA832BD2}.Debug|Any CPU.Build.0 = Debug|Any CPU
		{8E87BD96-5FB9-4431-922E-1596DA832BD2}.Release|Any CPU.ActiveCfg = Release|Any CPU
		{8E87BD96-5FB9-4431-922E-1596DA832BD2}.Release|Any CPU.Build.0 = Release|Any CPU
		{8BB9653E-532E-434B-958E-4E14DA6E01F9}.Debug|Any CPU.ActiveCfg = Debug|Any CPU
		{8BB9653E-532E-434B-958E-4E14DA6E01F9}.Debug|Any CPU.Build.0 = Debug|Any CPU
		{8BB9653E-532E-434B-958E-4E14DA6E01F9}.Release|Any CPU.ActiveCfg = Release|Any CPU
		{8BB9653E-532E-434B-958E-4E14DA6E01F9}.Release|Any CPU.Build.0 = Release|Any CPU
	EndGlobalSection
	GlobalSection(SolutionProperties) = preSolution
		HideSolutionNode = FALSE
	EndGlobalSection
	GlobalSection(ExtensibilityGlobals) = postSolution
		SolutionGuid = {A49B21DF-7AF7-40A4-A7C2-A7595DC5E2B6}
	EndGlobalSection
EndGlobal
